
Microsoft Visual Studio Solution File, Format Version 12.00
# Visual Studio Version 17
VisualStudioVersion = 17.0.31903.59
MinimumVisualStudioVersion = 10.0.40219.1
Project("{54A90642-561A-4BB1-A94E-469ADEE60C69}") = "frontapp", "frontapp\frontapp.esproj", "{B334D09A-4040-4DE9-AC50-916526435844}"
EndProject
Project("{2150E333-8FDC-42A3-9474-1A3956D46DE8}") = "services", "services", "{E14821EB-EA48-4E5B-8F8E-823A0569BBCD}"
EndProject
Project("{9A19103F-16F7-4668-BE54-9A1E7A4F7556}") = "AIService", "api\AIService\AIService.csproj", "{D6960D46-3505-47FE-82AC-278CA70994CA}"
EndProject
Project("{9A19103F-16F7-4668-BE54-9A1E7A4F7556}") = "SharedLib", "api\SharedLib\SharedLib.csproj", "{3DC90CFC-2E8D-46AC-A7EB-BB3CDEFC313A}"
EndProject
Global
	GlobalSection(SolutionConfigurationPlatforms) = preSolution
		Debug|Any CPU = Debug|Any CPU
		Release|Any CPU = Release|Any CPU
	EndGlobalSection
	GlobalSection(ProjectConfigurationPlatforms) = postSolution
		{B334D09A-4040-4DE9-AC50-916526435844}.Debug|Any CPU.ActiveCfg = Debug|Any CPU
		{B334D09A-4040-4DE9-AC50-916526435844}.Debug|Any CPU.Build.0 = Debug|Any CPU
		{B334D09A-4040-4DE9-AC50-916526435844}.Debug|Any CPU.Deploy.0 = Debug|Any CPU
		{B334D09A-4040-4DE9-AC50-916526435844}.Release|Any CPU.ActiveCfg = Release|Any CPU
		{B334D09A-4040-4DE9-AC50-916526435844}.Release|Any CPU.Build.0 = Release|Any CPU
		{B334D09A-4040-4DE9-AC50-916526435844}.Release|Any CPU.Deploy.0 = Release|Any CPU
		{D6960D46-3505-47FE-82AC-278CA70994CA}.Debug|Any CPU.ActiveCfg = Debug|Any CPU
		{D6960D46-3505-47FE-82AC-278CA70994CA}.Debug|Any CPU.Build.0 = Debug|Any CPU
		{D6960D46-3505-47FE-82AC-278CA70994CA}.Release|Any CPU.ActiveCfg = Release|Any CPU
		{D6960D46-3505-47FE-82AC-278CA70994CA}.Release|Any CPU.Build.0 = Release|Any CPU
		{3DC90CFC-2E8D-46AC-A7EB-BB3CDEFC313A}.Debug|Any CPU.ActiveCfg = Debug|Any CPU
		{3DC90CFC-2E8D-46AC-A7EB-BB3CDEFC313A}.Debug|Any CPU.Build.0 = Debug|Any CPU
		{3DC90CFC-2E8D-46AC-A7EB-BB3CDEFC313A}.Release|Any CPU.ActiveCfg = Release|Any CPU
		{3DC90CFC-2E8D-46AC-A7EB-BB3CDEFC313A}.Release|Any CPU.Build.0 = Release|Any CPU
	EndGlobalSection
	GlobalSection(SolutionProperties) = preSolution
		HideSolutionNode = FALSE
	EndGlobalSection
	GlobalSection(NestedProjects) = preSolution
		{D6960D46-3505-47FE-82AC-278CA70994CA} = {E14821EB-EA48-4E5B-8F8E-823A0569BBCD}
		{3DC90CFC-2E8D-46AC-A7EB-BB3CDEFC313A} = {E14821EB-EA48-4E5B-8F8E-823A0569BBCD}
	EndGlobalSection
	GlobalSection(ExtensibilityGlobals) = postSolution
		SolutionGuid = {450B3182-62D6-4063-95C8-ED6D368B6536}
	EndGlobalSection
EndGlobal
