
Microsoft Visual Studio Solution File, Format Version 12.00
# Visual Studio Version 17
VisualStudioVersion = 17.0.31903.59
MinimumVisualStudioVersion = 10.0.40219.1
Project("{54A90642-561A-4BB1-A94E-469ADEE60C69}") = "frontapp", "frontapp\frontapp.esproj", "{B334D09A-4040-4DE9-AC50-916526435844}"
EndProject
Project("{2150E333-8FDC-42A3-9474-1A3956D46DE8}") = "services", "services", "{E14821EB-EA48-4E5B-8F8E-823A0569BBCD}"
EndProject
Project("{9A19103F-16F7-4668-BE54-9A1E7A4F7556}") = "AIService", "api\AIService\AIService.csproj", "{D6960D46-3505-47FE-82AC-278CA70994CA}"
EndProject
Project("{9A19103F-16F7-4668-BE54-9A1E7A4F7556}") = "SharedLib", "api\SharedLib\SharedLib.csproj", "{3DC90CFC-2E8D-46AC-A7EB-BB3CDEFC313A}"
EndProject
Project("{9A19103F-16F7-4668-BE54-9A1E7A4F7556}") = "AuthService", "api\AuthService\AuthService.csproj", "{1386FDF7-4E33-46F7-A895-67391D8FAA6A}"
EndProject
Project("{E53339B2-1760-4266-BCC7-CA923CBCF16C}") = "docker-compose", "docker-compose.dcproj", "{40D65482-87D9-4434-A6DA-915DB5E7FF18}"
EndProject
Project("{2150E333-8FDC-42A3-9474-1A3956D46DE8}") = "tests", "tests", "{1008ED2D-26C4-4CA4-AAE2-2EA21D83D0DD}"
EndProject
Project("{9A19103F-16F7-4668-BE54-9A1E7A4F7556}") = "AuthService.UnitTests", "tests\AuthService.UnitTests\AuthService.UnitTests.csproj", "{D69AD597-BA22-49EB-9F9A-55956CC72403}"
EndProject
Project("{9A19103F-16F7-4668-BE54-9A1E7A4F7556}") = "EventsLib", "api\EventsLib\EventsLib.csproj", "{1AD9EC01-6472-4862-BDC0-7DE644D0FF0B}"
EndProject
Project("{9A19103F-16F7-4668-BE54-9A1E7A4F7556}") = "ExpirationService", "api\ExpirationService\ExpirationService.csproj", "{D5563A4C-89D1-4240-B37B-D6ABE1B89ECC}"
EndProject
Project("{9A19103F-16F7-4668-BE54-9A1E7A4F7556}") = "ExpirationService.UnitTests", "tests\ExpirationService.UnitTests\ExpirationService.UnitTests.csproj", "{4E637531-87B7-4E40-B2B4-5C5A5608DD06}"
EndProject
Project("{9A19103F-16F7-4668-BE54-9A1E7A4F7556}") = "ExpirationService.IntegrationTests", "tests\ExpirationService.IntegrationTests\ExpirationService.IntegrationTests.csproj", "{D8325A11-79DE-4EAE-97F7-7CD443A145ED}"
EndProject
Project("{9A19103F-16F7-4668-BE54-9A1E7A4F7556}") = "MatchService", "api\MatchService\MatchService.csproj", "{8B410A2F-FCB7-4FD2-BA36-1171142DF9E6}"
EndProject
Project("{FAE04EC0-301F-11D3-BF4B-00C04F79EFBC}") = "MatchService.UnitTests", "tests\MatchService.UnitTests\MatchService.UnitTests.csproj", "{32C8F3DC-518A-4063-B7AB-00FE6F8B2208}"
EndProject
Global
	GlobalSection(SolutionConfigurationPlatforms) = preSolution
		Debug|Any CPU = Debug|Any CPU
		Release|Any CPU = Release|Any CPU
	EndGlobalSection
	GlobalSection(ProjectConfigurationPlatforms) = postSolution
		{B334D09A-4040-4DE9-AC50-916526435844}.Debug|Any CPU.ActiveCfg = Debug|Any CPU
		{B334D09A-4040-4DE9-AC50-916526435844}.Debug|Any CPU.Build.0 = Debug|Any CPU
		{B334D09A-4040-4DE9-AC50-916526435844}.Debug|Any CPU.Deploy.0 = Debug|Any CPU
		{B334D09A-4040-4DE9-AC50-916526435844}.Release|Any CPU.ActiveCfg = Release|Any CPU
		{B334D09A-4040-4DE9-AC50-916526435844}.Release|Any CPU.Build.0 = Release|Any CPU
		{B334D09A-4040-4DE9-AC50-916526435844}.Release|Any CPU.Deploy.0 = Release|Any CPU
		{D6960D46-3505-47FE-82AC-278CA70994CA}.Debug|Any CPU.ActiveCfg = Debug|Any CPU
		{D6960D46-3505-47FE-82AC-278CA70994CA}.Debug|Any CPU.Build.0 = Debug|Any CPU
		{D6960D46-3505-47FE-82AC-278CA70994CA}.Release|Any CPU.ActiveCfg = Release|Any CPU
		{D6960D46-3505-47FE-82AC-278CA70994CA}.Release|Any CPU.Build.0 = Release|Any CPU
		{3DC90CFC-2E8D-46AC-A7EB-BB3CDEFC313A}.Debug|Any CPU.ActiveCfg = Debug|Any CPU
		{3DC90CFC-2E8D-46AC-A7EB-BB3CDEFC313A}.Debug|Any CPU.Build.0 = Debug|Any CPU
		{3DC90CFC-2E8D-46AC-A7EB-BB3CDEFC313A}.Release|Any CPU.ActiveCfg = Release|Any CPU
		{3DC90CFC-2E8D-46AC-A7EB-BB3CDEFC313A}.Release|Any CPU.Build.0 = Release|Any CPU
		{1386FDF7-4E33-46F7-A895-67391D8FAA6A}.Debug|Any CPU.ActiveCfg = Debug|Any CPU
		{1386FDF7-4E33-46F7-A895-67391D8FAA6A}.Debug|Any CPU.Build.0 = Debug|Any CPU
		{1386FDF7-4E33-46F7-A895-67391D8FAA6A}.Release|Any CPU.ActiveCfg = Release|Any CPU
		{1386FDF7-4E33-46F7-A895-67391D8FAA6A}.Release|Any CPU.Build.0 = Release|Any CPU
		{40D65482-87D9-4434-A6DA-915DB5E7FF18}.Debug|Any CPU.ActiveCfg = Debug|Any CPU
		{40D65482-87D9-4434-A6DA-915DB5E7FF18}.Debug|Any CPU.Build.0 = Debug|Any CPU
		{40D65482-87D9-4434-A6DA-915DB5E7FF18}.Release|Any CPU.ActiveCfg = Release|Any CPU
		{40D65482-87D9-4434-A6DA-915DB5E7FF18}.Release|Any CPU.Build.0 = Release|Any CPU
		{D69AD597-BA22-49EB-9F9A-55956CC72403}.Debug|Any CPU.ActiveCfg = Debug|Any CPU
		{D69AD597-BA22-49EB-9F9A-55956CC72403}.Debug|Any CPU.Build.0 = Debug|Any CPU
		{D69AD597-BA22-49EB-9F9A-55956CC72403}.Release|Any CPU.ActiveCfg = Release|Any CPU
		{D69AD597-BA22-49EB-9F9A-55956CC72403}.Release|Any CPU.Build.0 = Release|Any CPU
		{1AD9EC01-6472-4862-BDC0-7DE644D0FF0B}.Debug|Any CPU.ActiveCfg = Debug|Any CPU
		{1AD9EC01-6472-4862-BDC0-7DE644D0FF0B}.Debug|Any CPU.Build.0 = Debug|Any CPU
		{1AD9EC01-6472-4862-BDC0-7DE644D0FF0B}.Release|Any CPU.ActiveCfg = Release|Any CPU
		{1AD9EC01-6472-4862-BDC0-7DE644D0FF0B}.Release|Any CPU.Build.0 = Release|Any CPU
		{D5563A4C-89D1-4240-B37B-D6ABE1B89ECC}.Debug|Any CPU.ActiveCfg = Debug|Any CPU
		{D5563A4C-89D1-4240-B37B-D6ABE1B89ECC}.Debug|Any CPU.Build.0 = Debug|Any CPU
		{D5563A4C-89D1-4240-B37B-D6ABE1B89ECC}.Release|Any CPU.ActiveCfg = Release|Any CPU
		{D5563A4C-89D1-4240-B37B-D6ABE1B89ECC}.Release|Any CPU.Build.0 = Release|Any CPU
		{4E637531-87B7-4E40-B2B4-5C5A5608DD06}.Debug|Any CPU.ActiveCfg = Debug|Any CPU
		{4E637531-87B7-4E40-B2B4-5C5A5608DD06}.Debug|Any CPU.Build.0 = Debug|Any CPU
		{4E637531-87B7-4E40-B2B4-5C5A5608DD06}.Release|Any CPU.ActiveCfg = Release|Any CPU
		{4E637531-87B7-4E40-B2B4-5C5A5608DD06}.Release|Any CPU.Build.0 = Release|Any CPU
		{D8325A11-79DE-4EAE-97F7-7CD443A145ED}.Debug|Any CPU.ActiveCfg = Debug|Any CPU
		{D8325A11-79DE-4EAE-97F7-7CD443A145ED}.Debug|Any CPU.Build.0 = Debug|Any CPU
		{D8325A11-79DE-4EAE-97F7-7CD443A145ED}.Release|Any CPU.ActiveCfg = Release|Any CPU
		{D8325A11-79DE-4EAE-97F7-7CD443A145ED}.Release|Any CPU.Build.0 = Release|Any CPU
		{8B410A2F-FCB7-4FD2-BA36-1171142DF9E6}.Debug|Any CPU.ActiveCfg = Debug|Any CPU
		{8B410A2F-FCB7-4FD2-BA36-1171142DF9E6}.Debug|Any CPU.Build.0 = Debug|Any CPU
		{8B410A2F-FCB7-4FD2-BA36-1171142DF9E6}.Release|Any CPU.ActiveCfg = Release|Any CPU
		{8B410A2F-FCB7-4FD2-BA36-1171142DF9E6}.Release|Any CPU.Build.0 = Release|Any CPU
		{32C8F3DC-518A-4063-B7AB-00FE6F8B2208}.Debug|Any CPU.ActiveCfg = Debug|Any CPU
		{32C8F3DC-518A-4063-B7AB-00FE6F8B2208}.Debug|Any CPU.Build.0 = Debug|Any CPU
		{32C8F3DC-518A-4063-B7AB-00FE6F8B2208}.Release|Any CPU.ActiveCfg = Release|Any CPU
		{32C8F3DC-518A-4063-B7AB-00FE6F8B2208}.Release|Any CPU.Build.0 = Release|Any CPU
	EndGlobalSection
	GlobalSection(SolutionProperties) = preSolution
		HideSolutionNode = FALSE
	EndGlobalSection
	GlobalSection(NestedProjects) = preSolution
		{D6960D46-3505-47FE-82AC-278CA70994CA} = {E14821EB-EA48-4E5B-8F8E-823A0569BBCD}
		{3DC90CFC-2E8D-46AC-A7EB-BB3CDEFC313A} = {E14821EB-EA48-4E5B-8F8E-823A0569BBCD}
		{1386FDF7-4E33-46F7-A895-67391D8FAA6A} = {E14821EB-EA48-4E5B-8F8E-823A0569BBCD}
		{D69AD597-BA22-49EB-9F9A-55956CC72403} = {1008ED2D-26C4-4CA4-AAE2-2EA21D83D0DD}
		{1AD9EC01-6472-4862-BDC0-7DE644D0FF0B} = {E14821EB-EA48-4E5B-8F8E-823A0569BBCD}
		{D5563A4C-89D1-4240-B37B-D6ABE1B89ECC} = {E14821EB-EA48-4E5B-8F8E-823A0569BBCD}
		{4E637531-87B7-4E40-B2B4-5C5A5608DD06} = {1008ED2D-26C4-4CA4-AAE2-2EA21D83D0DD}
		{D8325A11-79DE-4EAE-97F7-7CD443A145ED} = {1008ED2D-26C4-4CA4-AAE2-2EA21D83D0DD}
		{8B410A2F-FCB7-4FD2-BA36-1171142DF9E6} = {E14821EB-EA48-4E5B-8F8E-823A0569BBCD}
		{32C8F3DC-518A-4063-B7AB-00FE6F8B2208} = {1008ED2D-26C4-4CA4-AAE2-2EA21D83D0DD}
	EndGlobalSection
	GlobalSection(ExtensibilityGlobals) = postSolution
		SolutionGuid = {450B3182-62D6-4063-95C8-ED6D368B6536}
	EndGlobalSection
EndGlobal
